
Microsoft Visual Studio Solution File, Format Version 12.00
# Visual Studio 15
VisualStudioVersion = 15.0.27428.2037
MinimumVisualStudioVersion = 10.0.40219.1
Project("{FAE04EC0-301F-11D3-BF4B-00C04F79EFBC}") = "FFS.Android", "FFS\FFS.Android\FFS.Android.csproj", "{5C3C4AAD-E12F-403E-864D-A60369DEAAF5}"
EndProject
Project("{FAE04EC0-301F-11D3-BF4B-00C04F79EFBC}") = "FFS.iOS", "FFS\FFS.iOS\FFS.iOS.csproj", "{5DC57CE9-B67F-4FF3-B388-4369DABA939E}"
EndProject
Project("{FAE04EC0-301F-11D3-BF4B-00C04F79EFBC}") = "FFS.UWP", "FFS\FFS.UWP\FFS.UWP.csproj", "{918C0013-9F16-41D0-B747-FA857AA6FD92}"
EndProject
Project("{D954291E-2A0B-460D-934E-DC6B0785DB48}") = "FFS", "FFS\FFS\FFS.shproj", "{AAAF7E1C-F6D6-4DD6-BC74-0ED9D5CF8481}"
EndProject
Global
	GlobalSection(SharedMSBuildProjectFiles) = preSolution
		FFS\FFS\FFS.projitems*{5c3c4aad-e12f-403e-864d-a60369deaaf5}*SharedItemsImports = 4
		FFS\FFS\FFS.projitems*{5dc57ce9-b67f-4ff3-b388-4369daba939e}*SharedItemsImports = 4
		FFS\FFS\FFS.projitems*{918c0013-9f16-41d0-b747-fa857aa6fd92}*SharedItemsImports = 4
		FFS\FFS\FFS.projitems*{aaaf7e1c-f6d6-4dd6-bc74-0ed9d5cf8481}*SharedItemsImports = 13
	EndGlobalSection
	GlobalSection(SolutionConfigurationPlatforms) = preSolution
		Ad-Hoc|Any CPU = Ad-Hoc|Any CPU
		Ad-Hoc|ARM = Ad-Hoc|ARM
		Ad-Hoc|iPhone = Ad-Hoc|iPhone
		Ad-Hoc|iPhoneSimulator = Ad-Hoc|iPhoneSimulator
		Ad-Hoc|x64 = Ad-Hoc|x64
		Ad-Hoc|x86 = Ad-Hoc|x86
		AppStore|Any CPU = AppStore|Any CPU
		AppStore|ARM = AppStore|ARM
		AppStore|iPhone = AppStore|iPhone
		AppStore|iPhoneSimulator = AppStore|iPhoneSimulator
		AppStore|x64 = AppStore|x64
		AppStore|x86 = AppStore|x86
		Debug|Any CPU = Debug|Any CPU
		Debug|ARM = Debug|ARM
		Debug|iPhone = Debug|iPhone
		Debug|iPhoneSimulator = Debug|iPhoneSimulator
		Debug|x64 = Debug|x64
		Debug|x86 = Debug|x86
		Release|Any CPU = Release|Any CPU
		Release|ARM = Release|ARM
		Release|iPhone = Release|iPhone
		Release|iPhoneSimulator = Release|iPhoneSimulator
		Release|x64 = Release|x64
		Release|x86 = Release|x86
	EndGlobalSection
	GlobalSection(ProjectConfigurationPlatforms) = postSolution
		{5C3C4AAD-E12F-403E-864D-A60369DEAAF5}.Ad-Hoc|Any CPU.ActiveCfg = Release|Any CPU
		{5C3C4AAD-E12F-403E-864D-A60369DEAAF5}.Ad-Hoc|Any CPU.Build.0 = Release|Any CPU
		{5C3C4AAD-E12F-403E-864D-A60369DEAAF5}.Ad-Hoc|Any CPU.Deploy.0 = Release|Any CPU
		{5C3C4AAD-E12F-403E-864D-A60369DEAAF5}.Ad-Hoc|ARM.ActiveCfg = Release|Any CPU
		{5C3C4AAD-E12F-403E-864D-A60369DEAAF5}.Ad-Hoc|ARM.Build.0 = Release|Any CPU
		{5C3C4AAD-E12F-403E-864D-A60369DEAAF5}.Ad-Hoc|ARM.Deploy.0 = Release|Any CPU
		{5C3C4AAD-E12F-403E-864D-A60369DEAAF5}.Ad-Hoc|iPhone.ActiveCfg = Release|Any CPU
		{5C3C4AAD-E12F-403E-864D-A60369DEAAF5}.Ad-Hoc|iPhone.Build.0 = Release|Any CPU
		{5C3C4AAD-E12F-403E-864D-A60369DEAAF5}.Ad-Hoc|iPhone.Deploy.0 = Release|Any CPU
		{5C3C4AAD-E12F-403E-864D-A60369DEAAF5}.Ad-Hoc|iPhoneSimulator.ActiveCfg = Release|Any CPU
		{5C3C4AAD-E12F-403E-864D-A60369DEAAF5}.Ad-Hoc|iPhoneSimulator.Build.0 = Release|Any CPU
		{5C3C4AAD-E12F-403E-864D-A60369DEAAF5}.Ad-Hoc|iPhoneSimulator.Deploy.0 = Release|Any CPU
		{5C3C4AAD-E12F-403E-864D-A60369DEAAF5}.Ad-Hoc|x64.ActiveCfg = Release|Any CPU
		{5C3C4AAD-E12F-403E-864D-A60369DEAAF5}.Ad-Hoc|x64.Build.0 = Release|Any CPU
		{5C3C4AAD-E12F-403E-864D-A60369DEAAF5}.Ad-Hoc|x64.Deploy.0 = Release|Any CPU
		{5C3C4AAD-E12F-403E-864D-A60369DEAAF5}.Ad-Hoc|x86.ActiveCfg = Release|Any CPU
		{5C3C4AAD-E12F-403E-864D-A60369DEAAF5}.Ad-Hoc|x86.Build.0 = Release|Any CPU
		{5C3C4AAD-E12F-403E-864D-A60369DEAAF5}.Ad-Hoc|x86.Deploy.0 = Release|Any CPU
		{5C3C4AAD-E12F-403E-864D-A60369DEAAF5}.AppStore|Any CPU.ActiveCfg = Release|Any CPU
		{5C3C4AAD-E12F-403E-864D-A60369DEAAF5}.AppStore|Any CPU.Build.0 = Release|Any CPU
		{5C3C4AAD-E12F-403E-864D-A60369DEAAF5}.AppStore|Any CPU.Deploy.0 = Release|Any CPU
		{5C3C4AAD-E12F-403E-864D-A60369DEAAF5}.AppStore|ARM.ActiveCfg = Release|Any CPU
		{5C3C4AAD-E12F-403E-864D-A60369DEAAF5}.AppStore|ARM.Build.0 = Release|Any CPU
		{5C3C4AAD-E12F-403E-864D-A60369DEAAF5}.AppStore|ARM.Deploy.0 = Release|Any CPU
		{5C3C4AAD-E12F-403E-864D-A60369DEAAF5}.AppStore|iPhone.ActiveCfg = Release|Any CPU
		{5C3C4AAD-E12F-403E-864D-A60369DEAAF5}.AppStore|iPhone.Build.0 = Release|Any CPU
		{5C3C4AAD-E12F-403E-864D-A60369DEAAF5}.AppStore|iPhone.Deploy.0 = Release|Any CPU
		{5C3C4AAD-E12F-403E-864D-A60369DEAAF5}.AppStore|iPhoneSimulator.ActiveCfg = Release|Any CPU
		{5C3C4AAD-E12F-403E-864D-A60369DEAAF5}.AppStore|iPhoneSimulator.Build.0 = Release|Any CPU
		{5C3C4AAD-E12F-403E-864D-A60369DEAAF5}.AppStore|iPhoneSimulator.Deploy.0 = Release|Any CPU
		{5C3C4AAD-E12F-403E-864D-A60369DEAAF5}.AppStore|x64.ActiveCfg = Release|Any CPU
		{5C3C4AAD-E12F-403E-864D-A60369DEAAF5}.AppStore|x64.Build.0 = Release|Any CPU
		{5C3C4AAD-E12F-403E-864D-A60369DEAAF5}.AppStore|x64.Deploy.0 = Release|Any CPU
		{5C3C4AAD-E12F-403E-864D-A60369DEAAF5}.AppStore|x86.ActiveCfg = Release|Any CPU
		{5C3C4AAD-E12F-403E-864D-A60369DEAAF5}.AppStore|x86.Build.0 = Release|Any CPU
		{5C3C4AAD-E12F-403E-864D-A60369DEAAF5}.AppStore|x86.Deploy.0 = Release|Any CPU
		{5C3C4AAD-E12F-403E-864D-A60369DEAAF5}.Debug|Any CPU.ActiveCfg = Debug|Any CPU
		{5C3C4AAD-E12F-403E-864D-A60369DEAAF5}.Debug|Any CPU.Build.0 = Debug|Any CPU
		{5C3C4AAD-E12F-403E-864D-A60369DEAAF5}.Debug|Any CPU.Deploy.0 = Debug|Any CPU
		{5C3C4AAD-E12F-403E-864D-A60369DEAAF5}.Debug|ARM.ActiveCfg = Debug|Any CPU
		{5C3C4AAD-E12F-403E-864D-A60369DEAAF5}.Debug|ARM.Build.0 = Debug|Any CPU
		{5C3C4AAD-E12F-403E-864D-A60369DEAAF5}.Debug|ARM.Deploy.0 = Debug|Any CPU
		{5C3C4AAD-E12F-403E-864D-A60369DEAAF5}.Debug|iPhone.ActiveCfg = Debug|Any CPU
		{5C3C4AAD-E12F-403E-864D-A60369DEAAF5}.Debug|iPhone.Build.0 = Debug|Any CPU
		{5C3C4AAD-E12F-403E-864D-A60369DEAAF5}.Debug|iPhone.Deploy.0 = Debug|Any CPU
		{5C3C4AAD-E12F-403E-864D-A60369DEAAF5}.Debug|iPhoneSimulator.ActiveCfg = Debug|Any CPU
		{5C3C4AAD-E12F-403E-864D-A60369DEAAF5}.Debug|iPhoneSimulator.Build.0 = Debug|Any CPU
		{5C3C4AAD-E12F-403E-864D-A60369DEAAF5}.Debug|iPhoneSimulator.Deploy.0 = Debug|Any CPU
		{5C3C4AAD-E12F-403E-864D-A60369DEAAF5}.Debug|x64.ActiveCfg = Debug|Any CPU
		{5C3C4AAD-E12F-403E-864D-A60369DEAAF5}.Debug|x64.Build.0 = Debug|Any CPU
		{5C3C4AAD-E12F-403E-864D-A60369DEAAF5}.Debug|x64.Deploy.0 = Debug|Any CPU
		{5C3C4AAD-E12F-403E-864D-A60369DEAAF5}.Debug|x86.ActiveCfg = Debug|Any CPU
		{5C3C4AAD-E12F-403E-864D-A60369DEAAF5}.Debug|x86.Build.0 = Debug|Any CPU
		{5C3C4AAD-E12F-403E-864D-A60369DEAAF5}.Debug|x86.Deploy.0 = Debug|Any CPU
		{5C3C4AAD-E12F-403E-864D-A60369DEAAF5}.Release|Any CPU.ActiveCfg = Release|Any CPU
		{5C3C4AAD-E12F-403E-864D-A60369DEAAF5}.Release|Any CPU.Build.0 = Release|Any CPU
		{5C3C4AAD-E12F-403E-864D-A60369DEAAF5}.Release|Any CPU.Deploy.0 = Release|Any CPU
		{5C3C4AAD-E12F-403E-864D-A60369DEAAF5}.Release|ARM.ActiveCfg = Release|Any CPU
		{5C3C4AAD-E12F-403E-864D-A60369DEAAF5}.Release|ARM.Build.0 = Release|Any CPU
		{5C3C4AAD-E12F-403E-864D-A60369DEAAF5}.Release|ARM.Deploy.0 = Release|Any CPU
		{5C3C4AAD-E12F-403E-864D-A60369DEAAF5}.Release|iPhone.ActiveCfg = Release|Any CPU
		{5C3C4AAD-E12F-403E-864D-A60369DEAAF5}.Release|iPhone.Build.0 = Release|Any CPU
		{5C3C4AAD-E12F-403E-864D-A60369DEAAF5}.Release|iPhone.Deploy.0 = Release|Any CPU
		{5C3C4AAD-E12F-403E-864D-A60369DEAAF5}.Release|iPhoneSimulator.ActiveCfg = Release|Any CPU
		{5C3C4AAD-E12F-403E-864D-A60369DEAAF5}.Release|iPhoneSimulator.Build.0 = Release|Any CPU
		{5C3C4AAD-E12F-403E-864D-A60369DEAAF5}.Release|iPhoneSimulator.Deploy.0 = Release|Any CPU
		{5C3C4AAD-E12F-403E-864D-A60369DEAAF5}.Release|x64.ActiveCfg = Release|Any CPU
		{5C3C4AAD-E12F-403E-864D-A60369DEAAF5}.Release|x64.Build.0 = Release|Any CPU
		{5C3C4AAD-E12F-403E-864D-A60369DEAAF5}.Release|x64.Deploy.0 = Release|Any CPU
		{5C3C4AAD-E12F-403E-864D-A60369DEAAF5}.Release|x86.ActiveCfg = Release|Any CPU
		{5C3C4AAD-E12F-403E-864D-A60369DEAAF5}.Release|x86.Build.0 = Release|Any CPU
		{5C3C4AAD-E12F-403E-864D-A60369DEAAF5}.Release|x86.Deploy.0 = Release|Any CPU
		{5DC57CE9-B67F-4FF3-B388-4369DABA939E}.Ad-Hoc|Any CPU.ActiveCfg = Ad-Hoc|iPhone
		{5DC57CE9-B67F-4FF3-B388-4369DABA939E}.Ad-Hoc|ARM.ActiveCfg = Ad-Hoc|iPhone
		{5DC57CE9-B67F-4FF3-B388-4369DABA939E}.Ad-Hoc|iPhone.ActiveCfg = Ad-Hoc|iPhone
		{5DC57CE9-B67F-4FF3-B388-4369DABA939E}.Ad-Hoc|iPhone.Build.0 = Ad-Hoc|iPhone
		{5DC57CE9-B67F-4FF3-B388-4369DABA939E}.Ad-Hoc|iPhoneSimulator.ActiveCfg = Ad-Hoc|iPhoneSimulator
		{5DC57CE9-B67F-4FF3-B388-4369DABA939E}.Ad-Hoc|iPhoneSimulator.Build.0 = Ad-Hoc|iPhoneSimulator
		{5DC57CE9-B67F-4FF3-B388-4369DABA939E}.Ad-Hoc|x64.ActiveCfg = Ad-Hoc|iPhone
		{5DC57CE9-B67F-4FF3-B388-4369DABA939E}.Ad-Hoc|x86.ActiveCfg = Ad-Hoc|iPhone
		{5DC57CE9-B67F-4FF3-B388-4369DABA939E}.AppStore|Any CPU.ActiveCfg = AppStore|iPhone
		{5DC57CE9-B67F-4FF3-B388-4369DABA939E}.AppStore|ARM.ActiveCfg = AppStore|iPhone
		{5DC57CE9-B67F-4FF3-B388-4369DABA939E}.AppStore|iPhone.ActiveCfg = AppStore|iPhone
		{5DC57CE9-B67F-4FF3-B388-4369DABA939E}.AppStore|iPhone.Build.0 = AppStore|iPhone
		{5DC57CE9-B67F-4FF3-B388-4369DABA939E}.AppStore|iPhoneSimulator.ActiveCfg = AppStore|iPhoneSimulator
		{5DC57CE9-B67F-4FF3-B388-4369DABA939E}.AppStore|iPhoneSimulator.Build.0 = AppStore|iPhoneSimulator
		{5DC57CE9-B67F-4FF3-B388-4369DABA939E}.AppStore|x64.ActiveCfg = AppStore|iPhone
		{5DC57CE9-B67F-4FF3-B388-4369DABA939E}.AppStore|x86.ActiveCfg = AppStore|iPhone
		{5DC57CE9-B67F-4FF3-B388-4369DABA939E}.Debug|Any CPU.ActiveCfg = Debug|iPhone
		{5DC57CE9-B67F-4FF3-B388-4369DABA939E}.Debug|ARM.ActiveCfg = Debug|iPhone
		{5DC57CE9-B67F-4FF3-B388-4369DABA939E}.Debug|iPhone.ActiveCfg = Debug|iPhone
		{5DC57CE9-B67F-4FF3-B388-4369DABA939E}.Debug|iPhone.Build.0 = Debug|iPhone
		{5DC57CE9-B67F-4FF3-B388-4369DABA939E}.Debug|iPhoneSimulator.ActiveCfg = Debug|iPhoneSimulator
		{5DC57CE9-B67F-4FF3-B388-4369DABA939E}.Debug|iPhoneSimulator.Build.0 = Debug|iPhoneSimulator
		{5DC57CE9-B67F-4FF3-B388-4369DABA939E}.Debug|x64.ActiveCfg = Debug|iPhone
		{5DC57CE9-B67F-4FF3-B388-4369DABA939E}.Debug|x86.ActiveCfg = Debug|iPhone
		{5DC57CE9-B67F-4FF3-B388-4369DABA939E}.Release|Any CPU.ActiveCfg = Release|iPhone
		{5DC57CE9-B67F-4FF3-B388-4369DABA939E}.Release|ARM.ActiveCfg = Release|iPhone
		{5DC57CE9-B67F-4FF3-B388-4369DABA939E}.Release|iPhone.ActiveCfg = Release|iPhone
		{5DC57CE9-B67F-4FF3-B388-4369DABA939E}.Release|iPhone.Build.0 = Release|iPhone
		{5DC57CE9-B67F-4FF3-B388-4369DABA939E}.Release|iPhoneSimulator.ActiveCfg = Release|iPhoneSimulator
		{5DC57CE9-B67F-4FF3-B388-4369DABA939E}.Release|iPhoneSimulator.Build.0 = Release|iPhoneSimulator
		{5DC57CE9-B67F-4FF3-B388-4369DABA939E}.Release|x64.ActiveCfg = Release|iPhone
		{5DC57CE9-B67F-4FF3-B388-4369DABA939E}.Release|x86.ActiveCfg = Release|iPhone
		{918C0013-9F16-41D0-B747-FA857AA6FD92}.Ad-Hoc|Any CPU.ActiveCfg = Release|x86
		{918C0013-9F16-41D0-B747-FA857AA6FD92}.Ad-Hoc|Any CPU.Build.0 = Release|x86
		{918C0013-9F16-41D0-B747-FA857AA6FD92}.Ad-Hoc|Any CPU.Deploy.0 = Release|x86
		{918C0013-9F16-41D0-B747-FA857AA6FD92}.Ad-Hoc|ARM.ActiveCfg = Release|ARM
		{918C0013-9F16-41D0-B747-FA857AA6FD92}.Ad-Hoc|ARM.Build.0 = Release|ARM
		{918C0013-9F16-41D0-B747-FA857AA6FD92}.Ad-Hoc|ARM.Deploy.0 = Release|ARM
		{918C0013-9F16-41D0-B747-FA857AA6FD92}.Ad-Hoc|iPhone.ActiveCfg = Release|x86
		{918C0013-9F16-41D0-B747-FA857AA6FD92}.Ad-Hoc|iPhone.Build.0 = Release|x86
		{918C0013-9F16-41D0-B747-FA857AA6FD92}.Ad-Hoc|iPhone.Deploy.0 = Release|x86
		{918C0013-9F16-41D0-B747-FA857AA6FD92}.Ad-Hoc|iPhoneSimulator.ActiveCfg = Release|x86
		{918C0013-9F16-41D0-B747-FA857AA6FD92}.Ad-Hoc|iPhoneSimulator.Build.0 = Release|x86
		{918C0013-9F16-41D0-B747-FA857AA6FD92}.Ad-Hoc|iPhoneSimulator.Deploy.0 = Release|x86
		{918C0013-9F16-41D0-B747-FA857AA6FD92}.Ad-Hoc|x64.ActiveCfg = Release|x64
		{918C0013-9F16-41D0-B747-FA857AA6FD92}.Ad-Hoc|x64.Build.0 = Release|x64
		{918C0013-9F16-41D0-B747-FA857AA6FD92}.Ad-Hoc|x64.Deploy.0 = Release|x64
		{918C0013-9F16-41D0-B747-FA857AA6FD92}.Ad-Hoc|x86.ActiveCfg = Release|x86
		{918C0013-9F16-41D0-B747-FA857AA6FD92}.Ad-Hoc|x86.Build.0 = Release|x86
		{918C0013-9F16-41D0-B747-FA857AA6FD92}.Ad-Hoc|x86.Deploy.0 = Release|x86
		{918C0013-9F16-41D0-B747-FA857AA6FD92}.AppStore|Any CPU.ActiveCfg = Release|x86
		{918C0013-9F16-41D0-B747-FA857AA6FD92}.AppStore|Any CPU.Build.0 = Release|x86
		{918C0013-9F16-41D0-B747-FA857AA6FD92}.AppStore|Any CPU.Deploy.0 = Release|x86
		{918C0013-9F16-41D0-B747-FA857AA6FD92}.AppStore|ARM.ActiveCfg = Release|ARM
		{918C0013-9F16-41D0-B747-FA857AA6FD92}.AppStore|ARM.Build.0 = Release|ARM
		{918C0013-9F16-41D0-B747-FA857AA6FD92}.AppStore|ARM.Deploy.0 = Release|ARM
		{918C0013-9F16-41D0-B747-FA857AA6FD92}.AppStore|iPhone.ActiveCfg = Release|x86
		{918C0013-9F16-41D0-B747-FA857AA6FD92}.AppStore|iPhone.Build.0 = Release|x86
		{918C0013-9F16-41D0-B747-FA857AA6FD92}.AppStore|iPhone.Deploy.0 = Release|x86
		{918C0013-9F16-41D0-B747-FA857AA6FD92}.AppStore|iPhoneSimulator.ActiveCfg = Release|x86
		{918C0013-9F16-41D0-B747-FA857AA6FD92}.AppStore|iPhoneSimulator.Build.0 = Release|x86
		{918C0013-9F16-41D0-B747-FA857AA6FD92}.AppStore|iPhoneSimulator.Deploy.0 = Release|x86
		{918C0013-9F16-41D0-B747-FA857AA6FD92}.AppStore|x64.ActiveCfg = Release|x64
		{918C0013-9F16-41D0-B747-FA857AA6FD92}.AppStore|x64.Build.0 = Release|x64
		{918C0013-9F16-41D0-B747-FA857AA6FD92}.AppStore|x64.Deploy.0 = Release|x64
		{918C0013-9F16-41D0-B747-FA857AA6FD92}.AppStore|x86.ActiveCfg = Release|x86
		{918C0013-9F16-41D0-B747-FA857AA6FD92}.AppStore|x86.Build.0 = Release|x86
		{918C0013-9F16-41D0-B747-FA857AA6FD92}.AppStore|x86.Deploy.0 = Release|x86
		{918C0013-9F16-41D0-B747-FA857AA6FD92}.Debug|Any CPU.ActiveCfg = Debug|x86
		{918C0013-9F16-41D0-B747-FA857AA6FD92}.Debug|ARM.ActiveCfg = Debug|ARM
		{918C0013-9F16-41D0-B747-FA857AA6FD92}.Debug|ARM.Build.0 = Debug|ARM
		{918C0013-9F16-41D0-B747-FA857AA6FD92}.Debug|ARM.Deploy.0 = Debug|ARM
		{918C0013-9F16-41D0-B747-FA857AA6FD92}.Debug|iPhone.ActiveCfg = Debug|x86
		{918C0013-9F16-41D0-B747-FA857AA6FD92}.Debug|iPhoneSimulator.ActiveCfg = Debug|x86
		{918C0013-9F16-41D0-B747-FA857AA6FD92}.Debug|x64.ActiveCfg = Debug|x64
		{918C0013-9F16-41D0-B747-FA857AA6FD92}.Debug|x64.Build.0 = Debug|x64
		{918C0013-9F16-41D0-B747-FA857AA6FD92}.Debug|x64.Deploy.0 = Debug|x64
		{918C0013-9F16-41D0-B747-FA857AA6FD92}.Debug|x86.ActiveCfg = Debug|x86
		{918C0013-9F16-41D0-B747-FA857AA6FD92}.Debug|x86.Build.0 = Debug|x86
		{918C0013-9F16-41D0-B747-FA857AA6FD92}.Debug|x86.Deploy.0 = Debug|x86
		{918C0013-9F16-41D0-B747-FA857AA6FD92}.Release|Any CPU.ActiveCfg = Release|x86
		{918C0013-9F16-41D0-B747-FA857AA6FD92}.Release|ARM.ActiveCfg = Release|ARM
		{918C0013-9F16-41D0-B747-FA857AA6FD92}.Release|ARM.Build.0 = Release|ARM
		{918C0013-9F16-41D0-B747-FA857AA6FD92}.Release|ARM.Deploy.0 = Release|ARM
		{918C0013-9F16-41D0-B747-FA857AA6FD92}.Release|iPhone.ActiveCfg = Release|x86
		{918C0013-9F16-41D0-B747-FA857AA6FD92}.Release|iPhoneSimulator.ActiveCfg = Release|x86
		{918C0013-9F16-41D0-B747-FA857AA6FD92}.Release|x64.ActiveCfg = Release|x64
		{918C0013-9F16-41D0-B747-FA857AA6FD92}.Release|x64.Build.0 = Release|x64
		{918C0013-9F16-41D0-B747-FA857AA6FD92}.Release|x64.Deploy.0 = Release|x64
		{918C0013-9F16-41D0-B747-FA857AA6FD92}.Release|x86.ActiveCfg = Release|x86
		{918C0013-9F16-41D0-B747-FA857AA6FD92}.Release|x86.Build.0 = Release|x86
		{918C0013-9F16-41D0-B747-FA857AA6FD92}.Release|x86.Deploy.0 = Release|x86
	EndGlobalSection
	GlobalSection(SolutionProperties) = preSolution
		HideSolutionNode = FALSE
	EndGlobalSection
	GlobalSection(ExtensibilityGlobals) = postSolution
		SolutionGuid = {91CF036F-D5B7-49CE-BA4F-1D697B253559}
	EndGlobalSection
EndGlobal
